# This file is automatically @generated by Cargo.
# It is not intended for manual editing.
version = 4

[[package]]
name = "oddutils-chronic"
version = "0.1.0"

[[package]]
name = "oddutils-combine"
version = "0.1.0"

[[package]]
name = "oddutils-core"
version = "0.1.0"

[[package]]
name = "oddutils-errno"
version = "0.1.0"

[[package]]
name = "oddutils-ifne"
version = "0.1.0"

[[package]]
name = "oddutils-isutf8"
version = "0.1.0"

[[package]]
name = "oddutils-mispipe"
version = "0.1.0"

[[package]]
name = "oddutils-pee"
version = "0.1.0"

[[package]]
name = "oddutils-sponge"
version = "0.1.0"
dependencies = [
 "oddutils-core",
]

[[package]]
name = "oddutils-ts"
version = "0.1.0"

[[package]]
name = "oddutils-vidir"
version = "0.1.0"

[[package]]
name = "oddutils-vipe"
version = "0.1.0"

[[package]]
name = "oddutils-zrun"
version = "0.1.0"
